
Microsoft Visual Studio Solution File, Format Version 12.00
# Visual Studio 14
VisualStudioVersion = 14.0.25420.1
MinimumVisualStudioVersion = 10.0.40219.1
Project("{8BC9CEB8-8B4A-11D0-8D11-00A0C91BC942}") = "D3D12CreateWindows", "Project\D3D12CreateWindows\D3D12CreateWindows.vcxproj", "{89084172-932A-4D87-A431-93E7CDAE2046}"
EndProject
Project("{8BC9CEB8-8B4A-11D0-8D11-00A0C91BC942}") = "D3D11MultiRanderTarget", "Project\D3D11MultiRanderTarget\D3D11MultiRanderTarget.vcxproj", "{679459B8-BCED-447C-8D1F-E88F03623D70}"
EndProject
Project("{8BC9CEB8-8B4A-11D0-8D11-00A0C91BC942}") = "ThreadExample", "Project\ThreadExample\ThreadExample.vcxproj", "{6529F647-3E4B-429C-B598-2E3CBCC2D693}"
EndProject
Project("{2150E333-8FDC-42A3-9474-1A3956D46DE8}") = "MicrosoftD3DExample", "MicrosoftD3DExample", "{059A6B68-5773-4047-870B-A3D8E2839366}"
EndProject
Project("{8BC9CEB8-8B4A-11D0-8D11-00A0C91BC942}") = "D3D12Multithreading", "Samples\Desktop\D3D12Multithreading\src\D3D12Multithreading.vcxproj", "{3FC193D0-7E4E-4918-8431-D67391EE4145}"
EndProject
Project("{2150E333-8FDC-42A3-9474-1A3956D46DE8}") = "BookD3DExample", "BookD3DExample", "{D343A4AC-130C-43AE-A3E1-7BC2F43C1FA7}"
EndProject
Project("{8BC9CEB8-8B4A-11D0-8D11-00A0C91BC942}") = "Box", "Samples\d3d12book-master\Chapter 6 Drawing in Direct3D\Box\Box.vcxproj", "{B590A678-E935-4AED-AF1F-3B6D02A4AE95}"
EndProject
Project("{8BC9CEB8-8B4A-11D0-8D11-00A0C91BC942}") = "DynamicCube", "Samples\d3d12book-master\Chapter 18 Cube Mapping\DynamicCube\DynamicCube.vcxproj", "{454E2EDD-4E64-49AE-8B29-9AC94FAC2494}"
EndProject
Project("{2150E333-8FDC-42A3-9474-1A3956D46DE8}") = "IntelExample", "IntelExample", "{6A137614-808C-4CD1-AF4A-CC129352BD6B}"
EndProject
Project("{8BC9CEB8-8B4A-11D0-8D11-00A0C91BC942}") = "asteroids_d3d12", "Samples\asteroids_d3d12-master\asteroids_d3d12.vcxproj", "{176C9B9A-2E06-4AC5-B186-56C9280104E7}"
EndProject
Project("{8BC9CEB8-8B4A-11D0-8D11-00A0C91BC942}") = "Shapes", "Samples\d3d12book-master\Chapter 7 Drawing in Direct3D Part II\Shapes\Shapes.vcxproj", "{3F4D6E80-3635-4577-B6AC-CE8B90068BDD}"
EndProject
Global
	GlobalSection(SolutionConfigurationPlatforms) = preSolution
		Debug|Any CPU = Debug|Any CPU
		Debug|x64 = Debug|x64
		Debug|x86 = Debug|x86
		Release|Any CPU = Release|Any CPU
		Release|x64 = Release|x64
		Release|x86 = Release|x86
	EndGlobalSection
	GlobalSection(ProjectConfigurationPlatforms) = postSolution
		{89084172-932A-4D87-A431-93E7CDAE2046}.Debug|Any CPU.ActiveCfg = Debug|Win32
		{89084172-932A-4D87-A431-93E7CDAE2046}.Debug|x64.ActiveCfg = Debug|x64
		{89084172-932A-4D87-A431-93E7CDAE2046}.Debug|x64.Build.0 = Debug|x64
		{89084172-932A-4D87-A431-93E7CDAE2046}.Debug|x86.ActiveCfg = Debug|Win32
		{89084172-932A-4D87-A431-93E7CDAE2046}.Debug|x86.Build.0 = Debug|Win32
		{89084172-932A-4D87-A431-93E7CDAE2046}.Release|Any CPU.ActiveCfg = Release|Win32
		{89084172-932A-4D87-A431-93E7CDAE2046}.Release|x64.ActiveCfg = Release|x64
		{89084172-932A-4D87-A431-93E7CDAE2046}.Release|x64.Build.0 = Release|x64
		{89084172-932A-4D87-A431-93E7CDAE2046}.Release|x86.ActiveCfg = Release|Win32
		{89084172-932A-4D87-A431-93E7CDAE2046}.Release|x86.Build.0 = Release|Win32
		{679459B8-BCED-447C-8D1F-E88F03623D70}.Debug|Any CPU.ActiveCfg = Debug|Win32
		{679459B8-BCED-447C-8D1F-E88F03623D70}.Debug|x64.ActiveCfg = Debug|x64
		{679459B8-BCED-447C-8D1F-E88F03623D70}.Debug|x64.Build.0 = Debug|x64
		{679459B8-BCED-447C-8D1F-E88F03623D70}.Debug|x86.ActiveCfg = Debug|Win32
		{679459B8-BCED-447C-8D1F-E88F03623D70}.Debug|x86.Build.0 = Debug|Win32
		{679459B8-BCED-447C-8D1F-E88F03623D70}.Release|Any CPU.ActiveCfg = Release|Win32
		{679459B8-BCED-447C-8D1F-E88F03623D70}.Release|x64.ActiveCfg = Release|x64
		{679459B8-BCED-447C-8D1F-E88F03623D70}.Release|x64.Build.0 = Release|x64
		{679459B8-BCED-447C-8D1F-E88F03623D70}.Release|x86.ActiveCfg = Release|Win32
		{679459B8-BCED-447C-8D1F-E88F03623D70}.Release|x86.Build.0 = Release|Win32
		{6529F647-3E4B-429C-B598-2E3CBCC2D693}.Debug|Any CPU.ActiveCfg = Debug|Win32
		{6529F647-3E4B-429C-B598-2E3CBCC2D693}.Debug|x64.ActiveCfg = Debug|x64
		{6529F647-3E4B-429C-B598-2E3CBCC2D693}.Debug|x64.Build.0 = Debug|x64
		{6529F647-3E4B-429C-B598-2E3CBCC2D693}.Debug|x86.ActiveCfg = Debug|Win32
		{6529F647-3E4B-429C-B598-2E3CBCC2D693}.Debug|x86.Build.0 = Debug|Win32
		{6529F647-3E4B-429C-B598-2E3CBCC2D693}.Release|Any CPU.ActiveCfg = Release|Win32
		{6529F647-3E4B-429C-B598-2E3CBCC2D693}.Release|x64.ActiveCfg = Release|x64
		{6529F647-3E4B-429C-B598-2E3CBCC2D693}.Release|x64.Build.0 = Release|x64
		{6529F647-3E4B-429C-B598-2E3CBCC2D693}.Release|x86.ActiveCfg = Release|Win32
		{6529F647-3E4B-429C-B598-2E3CBCC2D693}.Release|x86.Build.0 = Release|Win32
		{3FC193D0-7E4E-4918-8431-D67391EE4145}.Debug|Any CPU.ActiveCfg = Debug|x64
		{3FC193D0-7E4E-4918-8431-D67391EE4145}.Debug|x64.ActiveCfg = Debug|x64
		{3FC193D0-7E4E-4918-8431-D67391EE4145}.Debug|x64.Build.0 = Debug|x64
		{3FC193D0-7E4E-4918-8431-D67391EE4145}.Debug|x86.ActiveCfg = Debug|x64
		{3FC193D0-7E4E-4918-8431-D67391EE4145}.Release|Any CPU.ActiveCfg = Release|x64
		{3FC193D0-7E4E-4918-8431-D67391EE4145}.Release|x64.ActiveCfg = Release|x64
		{3FC193D0-7E4E-4918-8431-D67391EE4145}.Release|x64.Build.0 = Release|x64
		{3FC193D0-7E4E-4918-8431-D67391EE4145}.Release|x86.ActiveCfg = Release|x64
		{B590A678-E935-4AED-AF1F-3B6D02A4AE95}.Debug|Any CPU.ActiveCfg = Debug|Win32
		{B590A678-E935-4AED-AF1F-3B6D02A4AE95}.Debug|x64.ActiveCfg = Debug|x64
		{B590A678-E935-4AED-AF1F-3B6D02A4AE95}.Debug|x64.Build.0 = Debug|x64
		{B590A678-E935-4AED-AF1F-3B6D02A4AE95}.Debug|x86.ActiveCfg = Debug|Win32
		{B590A678-E935-4AED-AF1F-3B6D02A4AE95}.Debug|x86.Build.0 = Debug|Win32
		{B590A678-E935-4AED-AF1F-3B6D02A4AE95}.Release|Any CPU.ActiveCfg = Release|Win32
		{B590A678-E935-4AED-AF1F-3B6D02A4AE95}.Release|x64.ActiveCfg = Release|x64
		{B590A678-E935-4AED-AF1F-3B6D02A4AE95}.Release|x64.Build.0 = Release|x64
		{B590A678-E935-4AED-AF1F-3B6D02A4AE95}.Release|x86.ActiveCfg = Release|Win32
		{B590A678-E935-4AED-AF1F-3B6D02A4AE95}.Release|x86.Build.0 = Release|Win32
		{454E2EDD-4E64-49AE-8B29-9AC94FAC2494}.Debug|Any CPU.ActiveCfg = Debug|Win32
		{454E2EDD-4E64-49AE-8B29-9AC94FAC2494}.Debug|x64.ActiveCfg = Debug|x64
		{454E2EDD-4E64-49AE-8B29-9AC94FAC2494}.Debug|x64.Build.0 = Debug|x64
		{454E2EDD-4E64-49AE-8B29-9AC94FAC2494}.Debug|x86.ActiveCfg = Debug|Win32
		{454E2EDD-4E64-49AE-8B29-9AC94FAC2494}.Debug|x86.Build.0 = Debug|Win32
		{454E2EDD-4E64-49AE-8B29-9AC94FAC2494}.Release|Any CPU.ActiveCfg = Release|Win32
		{454E2EDD-4E64-49AE-8B29-9AC94FAC2494}.Release|x64.ActiveCfg = Release|x64
		{454E2EDD-4E64-49AE-8B29-9AC94FAC2494}.Release|x64.Build.0 = Release|x64
		{454E2EDD-4E64-49AE-8B29-9AC94FAC2494}.Release|x86.ActiveCfg = Release|Win32
		{454E2EDD-4E64-49AE-8B29-9AC94FAC2494}.Release|x86.Build.0 = Release|Win32
		{176C9B9A-2E06-4AC5-B186-56C9280104E7}.Debug|Any CPU.ActiveCfg = Debug|x64
		{176C9B9A-2E06-4AC5-B186-56C9280104E7}.Debug|x64.ActiveCfg = Debug|x64
		{176C9B9A-2E06-4AC5-B186-56C9280104E7}.Debug|x64.Build.0 = Debug|x64
		{176C9B9A-2E06-4AC5-B186-56C9280104E7}.Debug|x86.ActiveCfg = Debug|x64
		{176C9B9A-2E06-4AC5-B186-56C9280104E7}.Release|Any CPU.ActiveCfg = Release|x64
		{176C9B9A-2E06-4AC5-B186-56C9280104E7}.Release|x64.ActiveCfg = Release|x64
		{176C9B9A-2E06-4AC5-B186-56C9280104E7}.Release|x64.Build.0 = Release|x64
		{176C9B9A-2E06-4AC5-B186-56C9280104E7}.Release|x86.ActiveCfg = Release|x64
		{3F4D6E80-3635-4577-B6AC-CE8B90068BDD}.Debug|Any CPU.ActiveCfg = Debug|Win32
		{3F4D6E80-3635-4577-B6AC-CE8B90068BDD}.Debug|x64.ActiveCfg = Debug|x64
		{3F4D6E80-3635-4577-B6AC-CE8B90068BDD}.Debug|x64.Build.0 = Debug|x64
		{3F4D6E80-3635-4577-B6AC-CE8B90068BDD}.Debug|x86.ActiveCfg = Debug|Win32
		{3F4D6E80-3635-4577-B6AC-CE8B90068BDD}.Debug|x86.Build.0 = Debug|Win32
		{3F4D6E80-3635-4577-B6AC-CE8B90068BDD}.Release|Any CPU.ActiveCfg = Release|Win32
		{3F4D6E80-3635-4577-B6AC-CE8B90068BDD}.Release|x64.ActiveCfg = Release|x64
		{3F4D6E80-3635-4577-B6AC-CE8B90068BDD}.Release|x64.Build.0 = Release|x64
		{3F4D6E80-3635-4577-B6AC-CE8B90068BDD}.Release|x86.ActiveCfg = Release|Win32
		{3F4D6E80-3635-4577-B6AC-CE8B90068BDD}.Release|x86.Build.0 = Release|Win32
	EndGlobalSection
	GlobalSection(SolutionProperties) = preSolution
		HideSolutionNode = FALSE
	EndGlobalSection
	GlobalSection(NestedProjects) = preSolution
		{3FC193D0-7E4E-4918-8431-D67391EE4145} = {059A6B68-5773-4047-870B-A3D8E2839366}
		{B590A678-E935-4AED-AF1F-3B6D02A4AE95} = {D343A4AC-130C-43AE-A3E1-7BC2F43C1FA7}
		{454E2EDD-4E64-49AE-8B29-9AC94FAC2494} = {D343A4AC-130C-43AE-A3E1-7BC2F43C1FA7}
		{176C9B9A-2E06-4AC5-B186-56C9280104E7} = {6A137614-808C-4CD1-AF4A-CC129352BD6B}
		{3F4D6E80-3635-4577-B6AC-CE8B90068BDD} = {D343A4AC-130C-43AE-A3E1-7BC2F43C1FA7}
	EndGlobalSection
EndGlobal
