<?xml version="1.0" encoding="utf-8"?>
<Project ToolsVersion="4.0" xmlns="http://schemas.microsoft.com/developer/msbuild/2003">
  <ItemGroup>
    <Filter Include="소스 파일">
      <UniqueIdentifier>{4FC737F1-C7A5-4376-A066-2A32D752A2FF}</UniqueIdentifier>
      <Extensions>cpp;c;cc;cxx;def;odl;idl;hpj;bat;asm;asmx</Extensions>
    </Filter>
    <Filter Include="헤더 파일">
      <UniqueIdentifier>{93995380-89BD-4b04-88EB-625FBE52EBFB}</UniqueIdentifier>
      <Extensions>h;hh;hpp;hxx;hm;inl;inc;xsd</Extensions>
    </Filter>
    <Filter Include="리소스 파일">
      <UniqueIdentifier>{67DA6AB6-F800-4c08-8B7A-83BB121AAD01}</UniqueIdentifier>
      <Extensions>rc;ico;cur;bmp;dlg;rc2;rct;bin;rgs;gif;jpg;jpeg;jpe;resx;tiff;tif;png;wav;mfcribbon-ms</Extensions>
    </Filter>
    <Filter Include="Command">
      <UniqueIdentifier>{27ed58f9-4bcd-4327-a857-ff185d217291}</UniqueIdentifier>
    </Filter>
  </ItemGroup>
  <ItemGroup>
    <ClCompile Include="BoxDemo.cpp">
      <Filter>소스 파일</Filter>
    </ClCompile>
    <ClCompile Include="Camera.cpp">
      <Filter>Command</Filter>
    </ClCompile>
    <ClCompile Include="d3dApp.cpp">
      <Filter>Command</Filter>
    </ClCompile>
    <ClCompile Include="d3dUtil.cpp">
      <Filter>Command</Filter>
    </ClCompile>
    <ClCompile Include="DDSTextureLoader.cpp">
      <Filter>Command</Filter>
    </ClCompile>
    <ClCompile Include="DirectXTexWIC.cpp">
      <Filter>Command</Filter>
    </ClCompile>
    <ClCompile Include="dxerr.cpp">
      <Filter>Command</Filter>
    </ClCompile>
    <ClCompile Include="GameTimer.cpp">
      <Filter>Command</Filter>
    </ClCompile>
    <ClCompile Include="GeometryGenerator.cpp">
      <Filter>Command</Filter>
    </ClCompile>
    <ClCompile Include="LightHelper.cpp">
      <Filter>Command</Filter>
    </ClCompile>
    <ClCompile Include="MathHelper.cpp">
      <Filter>Command</Filter>
    </ClCompile>
    <ClCompile Include="Waves.cpp">
      <Filter>Command</Filter>
    </ClCompile>
    <ClCompile Include="WICTextureLoader.cpp">
      <Filter>Command</Filter>
    </ClCompile>
  </ItemGroup>
  <ItemGroup>
    <ClInclude Include="Camera.h">
      <Filter>Command</Filter>
    </ClInclude>
    <ClInclude Include="d3dApp.h">
      <Filter>Command</Filter>
    </ClInclude>
    <ClInclude Include="d3dUtil.h">
      <Filter>Command</Filter>
    </ClInclude>
    <ClInclude Include="d3dx11effect.h">
      <Filter>Command</Filter>
    </ClInclude>
    <ClInclude Include="DDSTextureLoader.h">
      <Filter>Command</Filter>
    </ClInclude>
    <ClInclude Include="DirectXTex.h">
      <Filter>Command</Filter>
    </ClInclude>
    <ClInclude Include="DirectXTexP.h">
      <Filter>Command</Filter>
    </ClInclude>
    <ClInclude Include="dxerr.h">
      <Filter>Command</Filter>
    </ClInclude>
    <ClInclude Include="GameTimer.h">
      <Filter>Command</Filter>
    </ClInclude>
    <ClInclude Include="GeometryGenerator.h">
      <Filter>Command</Filter>
    </ClInclude>
    <ClInclude Include="LightHelper.h">
      <Filter>Command</Filter>
    </ClInclude>
    <ClInclude Include="MathHelper.h">
      <Filter>Command</Filter>
    </ClInclude>
    <ClInclude Include="scoped.h">
      <Filter>Command</Filter>
    </ClInclude>
    <ClInclude Include="Waves.h">
      <Filter>Command</Filter>
    </ClInclude>
    <ClInclude Include="WICTextureLoader.h">
      <Filter>Command</Filter>
    </ClInclude>
  </ItemGroup>
  <ItemGroup>
    <None Include="DirectXTex.inl">
      <Filter>Command</Filter>
    </None>
  </ItemGroup>
</Project>